
Microsoft Visual Studio Solution File, Format Version 12.00
# Visual Studio Version 17
VisualStudioVersion = 17.6.33801.468
MinimumVisualStudioVersion = 10.0.40219.1
Project("{9A19103F-16F7-4668-BE54-9A1E7A4F7556}") = "Turksa.Entity", "Turksa.Entity\Turksa.Entity.csproj", "{305B1DE6-0D2A-44F0-B51A-672AA203B426}"
EndProject
Project("{9A19103F-16F7-4668-BE54-9A1E7A4F7556}") = "Turksa.DataAccessLayer", "Turksa.DataAccessLayer\Turksa.DataAccessLayer.csproj", "{AC523C7B-7326-4852-B2B4-F1B9F2EA2AEA}"
EndProject
Project("{9A19103F-16F7-4668-BE54-9A1E7A4F7556}") = "Turksa.BusinessLayer", "Turksa.BusinessLayer\Turksa.BusinessLayer.csproj", "{38934EE2-DD61-4F39-AA45-53896DA4B5F0}"
EndProject
Project("{9A19103F-16F7-4668-BE54-9A1E7A4F7556}") = "Turksa.Test", "Turksa.Test\Turksa.Test.csproj", "{9D2E91BD-1ED9-43B9-B971-A0AD5C98DF9B}"
EndProject
Project("{FAE04EC0-301F-11D3-BF4B-00C04F79EFBC}") = "Turksa.Web", "Turksa.Web\Turksa.Web.csproj", "{421D0062-789A-43EB-98E5-696FF6D474BB}"
EndProject
Global
	GlobalSection(SolutionConfigurationPlatforms) = preSolution
		Debug|Any CPU = Debug|Any CPU
		Release|Any CPU = Release|Any CPU
	EndGlobalSection
	GlobalSection(ProjectConfigurationPlatforms) = postSolution
		{305B1DE6-0D2A-44F0-B51A-672AA203B426}.Debug|Any CPU.ActiveCfg = Debug|Any CPU
		{305B1DE6-0D2A-44F0-B51A-672AA203B426}.Debug|Any CPU.Build.0 = Debug|Any CPU
		{305B1DE6-0D2A-44F0-B51A-672AA203B426}.Release|Any CPU.ActiveCfg = Release|Any CPU
		{305B1DE6-0D2A-44F0-B51A-672AA203B426}.Release|Any CPU.Build.0 = Release|Any CPU
		{AC523C7B-7326-4852-B2B4-F1B9F2EA2AEA}.Debug|Any CPU.ActiveCfg = Debug|Any CPU
		{AC523C7B-7326-4852-B2B4-F1B9F2EA2AEA}.Debug|Any CPU.Build.0 = Debug|Any CPU
		{AC523C7B-7326-4852-B2B4-F1B9F2EA2AEA}.Release|Any CPU.ActiveCfg = Release|Any CPU
		{AC523C7B-7326-4852-B2B4-F1B9F2EA2AEA}.Release|Any CPU.Build.0 = Release|Any CPU
		{38934EE2-DD61-4F39-AA45-53896DA4B5F0}.Debug|Any CPU.ActiveCfg = Debug|Any CPU
		{38934EE2-DD61-4F39-AA45-53896DA4B5F0}.Debug|Any CPU.Build.0 = Debug|Any CPU
		{38934EE2-DD61-4F39-AA45-53896DA4B5F0}.Release|Any CPU.ActiveCfg = Release|Any CPU
		{38934EE2-DD61-4F39-AA45-53896DA4B5F0}.Release|Any CPU.Build.0 = Release|Any CPU
		{9D2E91BD-1ED9-43B9-B971-A0AD5C98DF9B}.Debug|Any CPU.ActiveCfg = Debug|Any CPU
		{9D2E91BD-1ED9-43B9-B971-A0AD5C98DF9B}.Debug|Any CPU.Build.0 = Debug|Any CPU
		{9D2E91BD-1ED9-43B9-B971-A0AD5C98DF9B}.Release|Any CPU.ActiveCfg = Release|Any CPU
		{9D2E91BD-1ED9-43B9-B971-A0AD5C98DF9B}.Release|Any CPU.Build.0 = Release|Any CPU
		{421D0062-789A-43EB-98E5-696FF6D474BB}.Debug|Any CPU.ActiveCfg = Debug|Any CPU
		{421D0062-789A-43EB-98E5-696FF6D474BB}.Debug|Any CPU.Build.0 = Debug|Any CPU
		{421D0062-789A-43EB-98E5-696FF6D474BB}.Release|Any CPU.ActiveCfg = Release|Any CPU
		{421D0062-789A-43EB-98E5-696FF6D474BB}.Release|Any CPU.Build.0 = Release|Any CPU
	EndGlobalSection
	GlobalSection(SolutionProperties) = preSolution
		HideSolutionNode = FALSE
	EndGlobalSection
	GlobalSection(ExtensibilityGlobals) = postSolution
		SolutionGuid = {F8082E85-D16D-4F8B-A0E4-ACE286DE3329}
	EndGlobalSection
EndGlobal
